{
  "name": "gamemaker-language-parser",
  "lockfileVersion": 3,
  "requires": true,
  "packages": {
    "": {
      "dependencies": {
        "@base2/pretty-print-object": "^1.0.2",
        "antlr4": "^4.12.0"
      },
      "devDependencies": {
        "@types/node": "^18.16.3",
        "prettier": "2.8.8"
      }
    },
    "node_modules/@base2/pretty-print-object": {
      "version": "1.0.2",
      "resolved": "https://registry.npmjs.org/@base2/pretty-print-object/-/pretty-print-object-1.0.2.tgz",
      "integrity": "sha512-rBha0UDfV7EmBRjWrGG7Cpwxg8WomPlo0q+R2so47ZFf9wy4YKJzLuHcVa0UGFjdcLZj/4F/1FNC46GIQhe7sA=="
    },
    "node_modules/@types/node": {
      "version": "18.16.3",
      "resolved": "https://registry.npmjs.org/@types/node/-/node-18.16.3.tgz",
      "integrity": "sha512-OPs5WnnT1xkCBiuQrZA4+YAV4HEJejmHneyraIaxsbev5yCEr6KMwINNFP9wQeFIw8FWcoTqF3vQsa5CDaI+8Q==",
      "dev": true
    },
    "node_modules/antlr4": {
      "version": "4.12.0",
      "resolved": "https://registry.npmjs.org/antlr4/-/antlr4-4.12.0.tgz",
      "integrity": "sha512-23iB5IzXJZRZeK9TigzUyrNc9pSmNqAerJRBcNq1ETrmttMWRgaYZzC561IgEO3ygKsDJTYDTozABXa4b/fTQQ==",
      "engines": {
        "node": ">=16"
      }
    },
    "node_modules/prettier": {
      "version": "2.8.8",
      "resolved": "https://registry.npmjs.org/prettier/-/prettier-2.8.8.tgz",
      "integrity": "sha512-tdN8qQGvNjw4CHbY+XXk0JgCXn9QiF21a55rBe5LJAU+kDyC4WQn4+awm2Xfk2lQMk5fKup9XgzTZtGkjBdP9Q==",
      "dev": true,
      "bin": {
        "prettier": "bin-prettier.js"
      },
      "engines": {
        "node": ">=10.13.0"
      },
      "funding": {
        "url": "https://github.com/prettier/prettier?sponsor=1"
      }
    }
  }
}
