{
  "name": "prettier-plugin-gamemaker",
  "lockfileVersion": 3,
  "requires": true,
  "packages": {
    "": {
      "name": "prettier-plugin-gamemaker",
      "dependencies": {
        "gamemaker-language-parser": "0.0.6",
        "prettier": "3.0.0-alpha.11"
      },
      "devDependencies": {
        "@types/node": "^18.16.3"
      }
    },
    "node_modules/@types/node": {
      "version": "18.16.3",
      "resolved": "https://registry.npmjs.org/@types/node/-/node-18.16.3.tgz",
      "integrity": "sha512-OPs5WnnT1xkCBiuQrZA4+YAV4HEJejmHneyraIaxsbev5yCEr6KMwINNFP9wQeFIw8FWcoTqF3vQsa5CDaI+8Q==",
      "dev": true
    },
    "node_modules/antlr4": {
      "version": "4.12.0",
      "resolved": "https://registry.npmjs.org/antlr4/-/antlr4-4.12.0.tgz",
      "integrity": "sha512-23iB5IzXJZRZeK9TigzUyrNc9pSmNqAerJRBcNq1ETrmttMWRgaYZzC561IgEO3ygKsDJTYDTozABXa4b/fTQQ==",
      "engines": {
        "node": ">=16"
      }
    },
    "node_modules/gamemaker-language-parser": {
      "version": "0.0.6",
      "resolved": "https://registry.npmjs.org/gamemaker-language-parser/-/gamemaker-language-parser-0.0.6.tgz",
      "integrity": "sha512-3Deu7oKY/N/TIR3UzRx2kkBZU3L+Rh1CieaaWh6E/oR0QRi1jDAdEdbDV76HWZaOWyeEY1xZLRWHlMoWu27ptQ==",
      "dependencies": {
        "antlr4": "^4.12.0"
      }
    },
    "node_modules/prettier": {
      "version": "3.0.0-alpha.11",
      "resolved": "https://registry.npmjs.org/prettier/-/prettier-3.0.0-alpha.11.tgz",
      "integrity": "sha512-/x61/kcsjjU8kUEDKnn8PtqRzMXROg68KbUOtRC09oOQ3Vs6Bjwz7tabF98xu/K/RP/jZzWIvxphWr881DaokQ==",
      "bin": {
        "prettier": "bin/prettier.cjs"
      },
      "engines": {
        "node": ">=14"
      },
      "funding": {
        "url": "https://github.com/prettier/prettier?sponsor=1"
      }
    }
  }
}
